
Microsoft Visual Studio Solution File, Format Version 12.00
# Visual Studio Version 17
VisualStudioVersion = 17.0.31903.59
MinimumVisualStudioVersion = 10.0.40219.1
Project("{2150E333-8FDC-42A3-9474-1A3956D46DE8}") = "components", "components", "{AB72B0C9-7CD3-4D76-AE0B-156116BFE507}"
EndProject
Project("{2150E333-8FDC-42A3-9474-1A3956D46DE8}") = "BPM", "BPM", "{77F3F22F-A139-45E1-8B37-F5AF4FD7B916}"
EndProject
Project("{FAE04EC0-301F-11D3-BF4B-00C04F79EFBC}") = "BPM.Application", "components\BPM\BPM.Application\BPM.Application.csproj", "{B45F835D-23AC-4947-81AC-572B71FB111B}"
EndProject
Project("{FAE04EC0-301F-11D3-BF4B-00C04F79EFBC}") = "BPM.Domain", "components\BPM\BPM.Domain\BPM.Domain.csproj", "{F24F2796-6BDD-437C-B88A-3A814D9F4BF4}"
EndProject
Project("{FAE04EC0-301F-11D3-BF4B-00C04F79EFBC}") = "BPM.Infrastructure", "components\BPM\BPM.Infrastructure\BPM.Infrastructure.csproj", "{38AE9050-DDB2-4055-8A27-49330E54933B}"
EndProject
Global
	GlobalSection(SolutionConfigurationPlatforms) = preSolution
		Debug|Any CPU = Debug|Any CPU
		Release|Any CPU = Release|Any CPU
	EndGlobalSection
	GlobalSection(SolutionProperties) = preSolution
		HideSolutionNode = FALSE
	EndGlobalSection
	GlobalSection(ProjectConfigurationPlatforms) = postSolution
		{B45F835D-23AC-4947-81AC-572B71FB111B}.Debug|Any CPU.ActiveCfg = Debug|Any CPU
		{B45F835D-23AC-4947-81AC-572B71FB111B}.Debug|Any CPU.Build.0 = Debug|Any CPU
		{B45F835D-23AC-4947-81AC-572B71FB111B}.Release|Any CPU.ActiveCfg = Release|Any CPU
		{B45F835D-23AC-4947-81AC-572B71FB111B}.Release|Any CPU.Build.0 = Release|Any CPU
		{F24F2796-6BDD-437C-B88A-3A814D9F4BF4}.Debug|Any CPU.ActiveCfg = Debug|Any CPU
		{F24F2796-6BDD-437C-B88A-3A814D9F4BF4}.Debug|Any CPU.Build.0 = Debug|Any CPU
		{F24F2796-6BDD-437C-B88A-3A814D9F4BF4}.Release|Any CPU.ActiveCfg = Release|Any CPU
		{F24F2796-6BDD-437C-B88A-3A814D9F4BF4}.Release|Any CPU.Build.0 = Release|Any CPU
		{38AE9050-DDB2-4055-8A27-49330E54933B}.Debug|Any CPU.ActiveCfg = Debug|Any CPU
		{38AE9050-DDB2-4055-8A27-49330E54933B}.Debug|Any CPU.Build.0 = Debug|Any CPU
		{38AE9050-DDB2-4055-8A27-49330E54933B}.Release|Any CPU.ActiveCfg = Release|Any CPU
		{38AE9050-DDB2-4055-8A27-49330E54933B}.Release|Any CPU.Build.0 = Release|Any CPU
	EndGlobalSection
	GlobalSection(NestedProjects) = preSolution
		{77F3F22F-A139-45E1-8B37-F5AF4FD7B916} = {AB72B0C9-7CD3-4D76-AE0B-156116BFE507}
		{B45F835D-23AC-4947-81AC-572B71FB111B} = {77F3F22F-A139-45E1-8B37-F5AF4FD7B916}
		{F24F2796-6BDD-437C-B88A-3A814D9F4BF4} = {77F3F22F-A139-45E1-8B37-F5AF4FD7B916}
		{38AE9050-DDB2-4055-8A27-49330E54933B} = {77F3F22F-A139-45E1-8B37-F5AF4FD7B916}
	EndGlobalSection
EndGlobal
